// !$*UTF8*$!
{
	archiveVersion = 1;
	classes = {
	};
	objectVersion = 56;
	objects = {

/* Begin PBXBuildFile section */
		E919CD8E2B963C990055C845 /* GalleryElement.swift in Sources */ = {isa = PBXBuildFile; fileRef = E919CD8D2B963C990055C845 /* GalleryElement.swift */; };
		E91EC77B2B970CC9005644C3 /* ImagesDetailViewControllerDelegate.swift in Sources */ = {isa = PBXBuildFile; fileRef = E91EC77A2B970CC9005644C3 /* ImagesDetailViewControllerDelegate.swift */; };
		E91EC7AB2B97B882005644C3 /* GalleryDataModel.xcdatamodeld in Sources */ = {isa = PBXBuildFile; fileRef = E91EC7A92B97B882005644C3 /* GalleryDataModel.xcdatamodeld */; };
		E91EC7AE2B97B929005644C3 /* GalleryDataEntity+CoreDataClass.swift in Sources */ = {isa = PBXBuildFile; fileRef = E91EC7AC2B97B929005644C3 /* GalleryDataEntity+CoreDataClass.swift */; };
		E91EC7AF2B97B929005644C3 /* GalleryDataEntity+CoreDataProperties.swift in Sources */ = {isa = PBXBuildFile; fileRef = E91EC7AD2B97B929005644C3 /* GalleryDataEntity+CoreDataProperties.swift */; };
		E91EC7B12B97BA42005644C3 /* ImagesGalleryCoreDataService.swift in Sources */ = {isa = PBXBuildFile; fileRef = E91EC7B02B97BA42005644C3 /* ImagesGalleryCoreDataService.swift */; };
		E91EC7B32B97BA5B005644C3 /* ImagesGalleryDataBaseProtocol.swift in Sources */ = {isa = PBXBuildFile; fileRef = E91EC7B22B97BA5B005644C3 /* ImagesGalleryDataBaseProtocol.swift */; };
		E91EC7B52B97BC00005644C3 /* CoreDataServiceError.swift in Sources */ = {isa = PBXBuildFile; fileRef = E91EC7B42B97BC00005644C3 /* CoreDataServiceError.swift */; };
		E922154F2B931F2E00686E41 /* ImagesGalleryViewController.swift in Sources */ = {isa = PBXBuildFile; fileRef = E922154E2B931F2E00686E41 /* ImagesGalleryViewController.swift */; };
		E92215532B932F0B00686E41 /* ImagesGalleryCell.swift in Sources */ = {isa = PBXBuildFile; fileRef = E92215522B932F0B00686E41 /* ImagesGalleryCell.swift */; };
		E92215552B933D8600686E41 /* ResponseImageItem.swift in Sources */ = {isa = PBXBuildFile; fileRef = E92215542B933D8600686E41 /* ResponseImageItem.swift */; };
		E92215572B933E2D00686E41 /* ImagesGalleryWebServiceProtocol.swift in Sources */ = {isa = PBXBuildFile; fileRef = E92215562B933E2D00686E41 /* ImagesGalleryWebServiceProtocol.swift */; };
		E92215592B933F0A00686E41 /* FetchError.swift in Sources */ = {isa = PBXBuildFile; fileRef = E92215582B933F0A00686E41 /* FetchError.swift */; };
		E922155B2B93413600686E41 /* ImagesGalleryPresenter.swift in Sources */ = {isa = PBXBuildFile; fileRef = E922155A2B93413600686E41 /* ImagesGalleryPresenter.swift */; };
		E922155D2B93417900686E41 /* ImagesGalleryPresenterProtocol.swift in Sources */ = {isa = PBXBuildFile; fileRef = E922155C2B93417900686E41 /* ImagesGalleryPresenterProtocol.swift */; };
		E922155F2B93421100686E41 /* ImagesGalleryViewProtocol.swift in Sources */ = {isa = PBXBuildFile; fileRef = E922155E2B93421100686E41 /* ImagesGalleryViewProtocol.swift */; };
		E92215622B9345AA00686E41 /* ImagesGalleryWebService.swift in Sources */ = {isa = PBXBuildFile; fileRef = E92215612B9345AA00686E41 /* ImagesGalleryWebService.swift */; };
		E92215642B93536000686E41 /* ViewSetupProtocol.swift in Sources */ = {isa = PBXBuildFile; fileRef = E92215632B93536000686E41 /* ViewSetupProtocol.swift */; };
		E92215662B935BE100686E41 /* ImagesGalleryView.swift in Sources */ = {isa = PBXBuildFile; fileRef = E92215652B935BE100686E41 /* ImagesGalleryView.swift */; };
		E92215692B93828300686E41 /* UIView+Extension.swift in Sources */ = {isa = PBXBuildFile; fileRef = E92215682B93828300686E41 /* UIView+Extension.swift */; };
		E922156D2B939C3500686E41 /* Constants.swift in Sources */ = {isa = PBXBuildFile; fileRef = E922156C2B939C3500686E41 /* Constants.swift */; };
		E94674E22B927F1F00D2DB92 /* AppDelegate.swift in Sources */ = {isa = PBXBuildFile; fileRef = E94674E12B927F1F00D2DB92 /* AppDelegate.swift */; };
		E94674E42B927F1F00D2DB92 /* SceneDelegate.swift in Sources */ = {isa = PBXBuildFile; fileRef = E94674E32B927F1F00D2DB92 /* SceneDelegate.swift */; };
		E94674EB2B927F2000D2DB92 /* Assets.xcassets in Resources */ = {isa = PBXBuildFile; fileRef = E94674EA2B927F2000D2DB92 /* Assets.xcassets */; };
		E94674EE2B927F2000D2DB92 /* LaunchScreen.storyboard in Resources */ = {isa = PBXBuildFile; fileRef = E94674EC2B927F2000D2DB92 /* LaunchScreen.storyboard */; };
		E94675122B92803800D2DB92 /* README.md in Resources */ = {isa = PBXBuildFile; fileRef = E94675112B92803800D2DB92 /* README.md */; };
		E94675152B92822E00D2DB92 /* .swiftlint.yml in Resources */ = {isa = PBXBuildFile; fileRef = E94675142B92822E00D2DB92 /* .swiftlint.yml */; };
		E957C17F2B985813003C83C7 /* ImagesGalleryViewControllerTests.swift in Sources */ = {isa = PBXBuildFile; fileRef = E957C17E2B985813003C83C7 /* ImagesGalleryViewControllerTests.swift */; };
		E957C1812B986168003C83C7 /* ImagesGalleryViewTests.swift in Sources */ = {isa = PBXBuildFile; fileRef = E957C1802B986168003C83C7 /* ImagesGalleryViewTests.swift */; };
		E957C1852B9864A8003C83C7 /* MockImagesGalleryPresenter.swift in Sources */ = {isa = PBXBuildFile; fileRef = E957C1842B9864A8003C83C7 /* MockImagesGalleryPresenter.swift */; };
		E957C1872B986563003C83C7 /* MockImagesGalleryWebService.swift in Sources */ = {isa = PBXBuildFile; fileRef = E957C1862B986563003C83C7 /* MockImagesGalleryWebService.swift */; };
		E957C1892B9865BE003C83C7 /* MockCoreDataService.swift in Sources */ = {isa = PBXBuildFile; fileRef = E957C1882B9865BE003C83C7 /* MockCoreDataService.swift */; };
		E957C18B2B98662A003C83C7 /* MockImagesGalleryViewDelegate.swift in Sources */ = {isa = PBXBuildFile; fileRef = E957C18A2B98662A003C83C7 /* MockImagesGalleryViewDelegate.swift */; };
		E95847AC2B95039D007617C9 /* UIColleectionView+Extension.swift in Sources */ = {isa = PBXBuildFile; fileRef = E95847AB2B95039D007617C9 /* UIColleectionView+Extension.swift */; };
		E95847AE2B952B75007617C9 /* ImagesDetailViewController.swift in Sources */ = {isa = PBXBuildFile; fileRef = E95847AD2B952B75007617C9 /* ImagesDetailViewController.swift */; };
		E9FA90D22B95B14000A90B76 /* ImagesDetailView.swift in Sources */ = {isa = PBXBuildFile; fileRef = E9FA90D12B95B14000A90B76 /* ImagesDetailView.swift */; };
		E9FA90D82B95F9FB00A90B76 /* ImagesDetailCell.swift in Sources */ = {isa = PBXBuildFile; fileRef = E9FA90D72B95F9FB00A90B76 /* ImagesDetailCell.swift */; };
		E9FA90DA2B96014500A90B76 /* String+Extension.swift in Sources */ = {isa = PBXBuildFile; fileRef = E9FA90D92B96014500A90B76 /* String+Extension.swift */; };
/* End PBXBuildFile section */

/* Begin PBXContainerItemProxy section */
		E94674F52B927F2100D2DB92 /* PBXContainerItemProxy */ = {
			isa = PBXContainerItemProxy;
			containerPortal = E94674D62B927F1F00D2DB92 /* Project object */;
			proxyType = 1;
			remoteGlobalIDString = E94674DD2B927F1F00D2DB92;
			remoteInfo = GalleryApp;
		};
/* End PBXContainerItemProxy section */

/* Begin PBXFileReference section */
		E919CD8D2B963C990055C845 /* GalleryElement.swift */ = {isa = PBXFileReference; lastKnownFileType = sourcecode.swift; path = GalleryElement.swift; sourceTree = "<group>"; };
		E91EC77A2B970CC9005644C3 /* ImagesDetailViewControllerDelegate.swift */ = {isa = PBXFileReference; lastKnownFileType = sourcecode.swift; path = ImagesDetailViewControllerDelegate.swift; sourceTree = "<group>"; };
		E91EC7AA2B97B882005644C3 /* GalleryDataModel.xcdatamodel */ = {isa = PBXFileReference; lastKnownFileType = wrapper.xcdatamodel; path = GalleryDataModel.xcdatamodel; sourceTree = "<group>"; };
		E91EC7AC2B97B929005644C3 /* GalleryDataEntity+CoreDataClass.swift */ = {isa = PBXFileReference; lastKnownFileType = sourcecode.swift; path = "GalleryDataEntity+CoreDataClass.swift"; sourceTree = "<group>"; };
		E91EC7AD2B97B929005644C3 /* GalleryDataEntity+CoreDataProperties.swift */ = {isa = PBXFileReference; lastKnownFileType = sourcecode.swift; path = "GalleryDataEntity+CoreDataProperties.swift"; sourceTree = "<group>"; };
		E91EC7B02B97BA42005644C3 /* ImagesGalleryCoreDataService.swift */ = {isa = PBXFileReference; lastKnownFileType = sourcecode.swift; path = ImagesGalleryCoreDataService.swift; sourceTree = "<group>"; };
		E91EC7B22B97BA5B005644C3 /* ImagesGalleryDataBaseProtocol.swift */ = {isa = PBXFileReference; lastKnownFileType = sourcecode.swift; path = ImagesGalleryDataBaseProtocol.swift; sourceTree = "<group>"; };
		E91EC7B42B97BC00005644C3 /* CoreDataServiceError.swift */ = {isa = PBXFileReference; lastKnownFileType = sourcecode.swift; path = CoreDataServiceError.swift; sourceTree = "<group>"; };
		E922154E2B931F2E00686E41 /* ImagesGalleryViewController.swift */ = {isa = PBXFileReference; lastKnownFileType = sourcecode.swift; path = ImagesGalleryViewController.swift; sourceTree = "<group>"; };
		E92215522B932F0B00686E41 /* ImagesGalleryCell.swift */ = {isa = PBXFileReference; lastKnownFileType = sourcecode.swift; path = ImagesGalleryCell.swift; sourceTree = "<group>"; };
		E92215542B933D8600686E41 /* ResponseImageItem.swift */ = {isa = PBXFileReference; lastKnownFileType = sourcecode.swift; path = ResponseImageItem.swift; sourceTree = "<group>"; };
		E92215562B933E2D00686E41 /* ImagesGalleryWebServiceProtocol.swift */ = {isa = PBXFileReference; lastKnownFileType = sourcecode.swift; path = ImagesGalleryWebServiceProtocol.swift; sourceTree = "<group>"; };
		E92215582B933F0A00686E41 /* FetchError.swift */ = {isa = PBXFileReference; lastKnownFileType = sourcecode.swift; path = FetchError.swift; sourceTree = "<group>"; };
		E922155A2B93413600686E41 /* ImagesGalleryPresenter.swift */ = {isa = PBXFileReference; lastKnownFileType = sourcecode.swift; path = ImagesGalleryPresenter.swift; sourceTree = "<group>"; };
		E922155C2B93417900686E41 /* ImagesGalleryPresenterProtocol.swift */ = {isa = PBXFileReference; lastKnownFileType = sourcecode.swift; path = ImagesGalleryPresenterProtocol.swift; sourceTree = "<group>"; };
		E922155E2B93421100686E41 /* ImagesGalleryViewProtocol.swift */ = {isa = PBXFileReference; lastKnownFileType = sourcecode.swift; path = ImagesGalleryViewProtocol.swift; sourceTree = "<group>"; };
		E92215612B9345AA00686E41 /* ImagesGalleryWebService.swift */ = {isa = PBXFileReference; lastKnownFileType = sourcecode.swift; path = ImagesGalleryWebService.swift; sourceTree = "<group>"; };
		E92215632B93536000686E41 /* ViewSetupProtocol.swift */ = {isa = PBXFileReference; lastKnownFileType = sourcecode.swift; path = ViewSetupProtocol.swift; sourceTree = "<group>"; };
		E92215652B935BE100686E41 /* ImagesGalleryView.swift */ = {isa = PBXFileReference; lastKnownFileType = sourcecode.swift; path = ImagesGalleryView.swift; sourceTree = "<group>"; };
		E92215682B93828300686E41 /* UIView+Extension.swift */ = {isa = PBXFileReference; lastKnownFileType = sourcecode.swift; path = "UIView+Extension.swift"; sourceTree = "<group>"; };
		E922156C2B939C3500686E41 /* Constants.swift */ = {isa = PBXFileReference; lastKnownFileType = sourcecode.swift; path = Constants.swift; sourceTree = "<group>"; };
		E94674DE2B927F1F00D2DB92 /* GalleryApp.app */ = {isa = PBXFileReference; explicitFileType = wrapper.application; includeInIndex = 0; path = GalleryApp.app; sourceTree = BUILT_PRODUCTS_DIR; };
		E94674E12B927F1F00D2DB92 /* AppDelegate.swift */ = {isa = PBXFileReference; lastKnownFileType = sourcecode.swift; path = AppDelegate.swift; sourceTree = "<group>"; };
		E94674E32B927F1F00D2DB92 /* SceneDelegate.swift */ = {isa = PBXFileReference; lastKnownFileType = sourcecode.swift; path = SceneDelegate.swift; sourceTree = "<group>"; };
		E94674EA2B927F2000D2DB92 /* Assets.xcassets */ = {isa = PBXFileReference; lastKnownFileType = folder.assetcatalog; path = Assets.xcassets; sourceTree = "<group>"; };
		E94674ED2B927F2000D2DB92 /* Base */ = {isa = PBXFileReference; lastKnownFileType = file.storyboard; name = Base; path = Base.lproj/LaunchScreen.storyboard; sourceTree = "<group>"; };
		E94674EF2B927F2000D2DB92 /* Info.plist */ = {isa = PBXFileReference; lastKnownFileType = text.plist.xml; path = Info.plist; sourceTree = "<group>"; };
		E94674F42B927F2100D2DB92 /* GalleryAppTests.xctest */ = {isa = PBXFileReference; explicitFileType = wrapper.cfbundle; includeInIndex = 0; path = GalleryAppTests.xctest; sourceTree = BUILT_PRODUCTS_DIR; };
		E94675112B92803800D2DB92 /* README.md */ = {isa = PBXFileReference; fileEncoding = 4; lastKnownFileType = net.daringfireball.markdown; path = README.md; sourceTree = "<group>"; };
		E94675142B92822E00D2DB92 /* .swiftlint.yml */ = {isa = PBXFileReference; lastKnownFileType = text.yaml; path = .swiftlint.yml; sourceTree = "<group>"; };
		E957C17E2B985813003C83C7 /* ImagesGalleryViewControllerTests.swift */ = {isa = PBXFileReference; lastKnownFileType = sourcecode.swift; path = ImagesGalleryViewControllerTests.swift; sourceTree = "<group>"; };
		E957C1802B986168003C83C7 /* ImagesGalleryViewTests.swift */ = {isa = PBXFileReference; lastKnownFileType = sourcecode.swift; path = ImagesGalleryViewTests.swift; sourceTree = "<group>"; };
		E957C1842B9864A8003C83C7 /* MockImagesGalleryPresenter.swift */ = {isa = PBXFileReference; lastKnownFileType = sourcecode.swift; path = MockImagesGalleryPresenter.swift; sourceTree = "<group>"; };
		E957C1862B986563003C83C7 /* MockImagesGalleryWebService.swift */ = {isa = PBXFileReference; lastKnownFileType = sourcecode.swift; path = MockImagesGalleryWebService.swift; sourceTree = "<group>"; };
		E957C1882B9865BE003C83C7 /* MockCoreDataService.swift */ = {isa = PBXFileReference; lastKnownFileType = sourcecode.swift; path = MockCoreDataService.swift; sourceTree = "<group>"; };
		E957C18A2B98662A003C83C7 /* MockImagesGalleryViewDelegate.swift */ = {isa = PBXFileReference; lastKnownFileType = sourcecode.swift; path = MockImagesGalleryViewDelegate.swift; sourceTree = "<group>"; };
		E95847AB2B95039D007617C9 /* UIColleectionView+Extension.swift */ = {isa = PBXFileReference; lastKnownFileType = sourcecode.swift; path = "UIColleectionView+Extension.swift"; sourceTree = "<group>"; };
		E95847AD2B952B75007617C9 /* ImagesDetailViewController.swift */ = {isa = PBXFileReference; lastKnownFileType = sourcecode.swift; path = ImagesDetailViewController.swift; sourceTree = "<group>"; };
		E9FA90D12B95B14000A90B76 /* ImagesDetailView.swift */ = {isa = PBXFileReference; lastKnownFileType = sourcecode.swift; path = ImagesDetailView.swift; sourceTree = "<group>"; };
		E9FA90D72B95F9FB00A90B76 /* ImagesDetailCell.swift */ = {isa = PBXFileReference; lastKnownFileType = sourcecode.swift; path = ImagesDetailCell.swift; sourceTree = "<group>"; };
		E9FA90D92B96014500A90B76 /* String+Extension.swift */ = {isa = PBXFileReference; lastKnownFileType = sourcecode.swift; path = "String+Extension.swift"; sourceTree = "<group>"; };
/* End PBXFileReference section */

/* Begin PBXFrameworksBuildPhase section */
		E94674DB2B927F1F00D2DB92 /* Frameworks */ = {
			isa = PBXFrameworksBuildPhase;
			buildActionMask = 2147483647;
			files = (
			);
			runOnlyForDeploymentPostprocessing = 0;
		};
		E94674F12B927F2100D2DB92 /* Frameworks */ = {
			isa = PBXFrameworksBuildPhase;
			buildActionMask = 2147483647;
			files = (
			);
			runOnlyForDeploymentPostprocessing = 0;
		};
/* End PBXFrameworksBuildPhase section */

/* Begin PBXGroup section */
		E91EC7A72B97B82C005644C3 /* Services */ = {
			isa = PBXGroup;
			children = (
				E91EC7A82B97B834005644C3 /* DataBase */,
				E92215602B9343A500686E41 /* Network */,
			);
			path = Services;
			sourceTree = "<group>";
		};
		E91EC7A82B97B834005644C3 /* DataBase */ = {
			isa = PBXGroup;
			children = (
				E91EC7AC2B97B929005644C3 /* GalleryDataEntity+CoreDataClass.swift */,
				E91EC7AD2B97B929005644C3 /* GalleryDataEntity+CoreDataProperties.swift */,
				E91EC7A92B97B882005644C3 /* GalleryDataModel.xcdatamodeld */,
				E91EC7B02B97BA42005644C3 /* ImagesGalleryCoreDataService.swift */,
			);
			path = DataBase;
			sourceTree = "<group>";
		};
		E92215492B93196500686E41 /* ImagesGalleryScreen */ = {
			isa = PBXGroup;
			children = (
				E91EC7A72B97B82C005644C3 /* Services */,
				E922154D2B9319E000686E41 /* Presenters */,
				E922154C2B9319D800686E41 /* Protocols */,
				E922154B2B9319AD00686E41 /* Models */,
				E922154A2B93199B00686E41 /* Views */,
			);
			path = ImagesGalleryScreen;
			sourceTree = "<group>";
		};
		E922154A2B93199B00686E41 /* Views */ = {
			isa = PBXGroup;
			children = (
				E9FA90D52B95F28900A90B76 /* ImagesGalleryView */,
				E9FA90D62B95F29B00A90B76 /* ImagesDetailView */,
			);
			path = Views;
			sourceTree = "<group>";
		};
		E922154B2B9319AD00686E41 /* Models */ = {
			isa = PBXGroup;
			children = (
				E92215542B933D8600686E41 /* ResponseImageItem.swift */,
				E919CD8D2B963C990055C845 /* GalleryElement.swift */,
				E92215582B933F0A00686E41 /* FetchError.swift */,
				E91EC7B42B97BC00005644C3 /* CoreDataServiceError.swift */,
			);
			path = Models;
			sourceTree = "<group>";
		};
		E922154C2B9319D800686E41 /* Protocols */ = {
			isa = PBXGroup;
			children = (
				E92215562B933E2D00686E41 /* ImagesGalleryWebServiceProtocol.swift */,
				E922155C2B93417900686E41 /* ImagesGalleryPresenterProtocol.swift */,
				E922155E2B93421100686E41 /* ImagesGalleryViewProtocol.swift */,
				E92215632B93536000686E41 /* ViewSetupProtocol.swift */,
				E91EC77A2B970CC9005644C3 /* ImagesDetailViewControllerDelegate.swift */,
				E91EC7B22B97BA5B005644C3 /* ImagesGalleryDataBaseProtocol.swift */,
			);
			path = Protocols;
			sourceTree = "<group>";
		};
		E922154D2B9319E000686E41 /* Presenters */ = {
			isa = PBXGroup;
			children = (
				E922155A2B93413600686E41 /* ImagesGalleryPresenter.swift */,
			);
			path = Presenters;
			sourceTree = "<group>";
		};
		E92215602B9343A500686E41 /* Network */ = {
			isa = PBXGroup;
			children = (
				E92215612B9345AA00686E41 /* ImagesGalleryWebService.swift */,
			);
			path = Network;
			sourceTree = "<group>";
		};
		E92215672B93826200686E41 /* Extensions */ = {
			isa = PBXGroup;
			children = (
				E92215682B93828300686E41 /* UIView+Extension.swift */,
				E95847AB2B95039D007617C9 /* UIColleectionView+Extension.swift */,
				E9FA90D92B96014500A90B76 /* String+Extension.swift */,
			);
			path = Extensions;
			sourceTree = "<group>";
		};
		E922156E2B939C7B00686E41 /* Resources */ = {
			isa = PBXGroup;
			children = (
				E94674EC2B927F2000D2DB92 /* LaunchScreen.storyboard */,
				E94674EA2B927F2000D2DB92 /* Assets.xcassets */,
				E94674EF2B927F2000D2DB92 /* Info.plist */,
				E922156C2B939C3500686E41 /* Constants.swift */,
			);
			path = Resources;
			sourceTree = "<group>";
		};
		E94674D52B927F1F00D2DB92 = {
			isa = PBXGroup;
			children = (
				E94675112B92803800D2DB92 /* README.md */,
				E94674E02B927F1F00D2DB92 /* GalleryApp */,
				E94674F72B927F2100D2DB92 /* GalleryAppTests */,
				E94674DF2B927F1F00D2DB92 /* Products */,
			);
			sourceTree = "<group>";
		};
		E94674DF2B927F1F00D2DB92 /* Products */ = {
			isa = PBXGroup;
			children = (
				E94674DE2B927F1F00D2DB92 /* GalleryApp.app */,
				E94674F42B927F2100D2DB92 /* GalleryAppTests.xctest */,
			);
			name = Products;
			sourceTree = "<group>";
		};
		E94674E02B927F1F00D2DB92 /* GalleryApp */ = {
			isa = PBXGroup;
			children = (
				E92215492B93196500686E41 /* ImagesGalleryScreen */,
				E92215672B93826200686E41 /* Extensions */,
				E922156E2B939C7B00686E41 /* Resources */,
				E94674E12B927F1F00D2DB92 /* AppDelegate.swift */,
				E94674E32B927F1F00D2DB92 /* SceneDelegate.swift */,
				E94675142B92822E00D2DB92 /* .swiftlint.yml */,
			);
			path = GalleryApp;
			sourceTree = "<group>";
		};
		E94674F72B927F2100D2DB92 /* GalleryAppTests */ = {
			isa = PBXGroup;
			children = (
				E957C17B2B9857B2003C83C7 /* ImagesGalleryScreen */,
			);
			path = GalleryAppTests;
			sourceTree = "<group>";
		};
		E957C17B2B9857B2003C83C7 /* ImagesGalleryScreen */ = {
			isa = PBXGroup;
			children = (
				E957C1832B986487003C83C7 /* Mocks */,
				E957C17C2B9857CA003C83C7 /* Views */,
			);
			path = ImagesGalleryScreen;
			sourceTree = "<group>";
		};
		E957C17C2B9857CA003C83C7 /* Views */ = {
			isa = PBXGroup;
			children = (
				E957C17D2B9857EA003C83C7 /* ImagesGalleryView */,
			);
			path = Views;
			sourceTree = "<group>";
		};
		E957C17D2B9857EA003C83C7 /* ImagesGalleryView */ = {
			isa = PBXGroup;
			children = (
				E957C17E2B985813003C83C7 /* ImagesGalleryViewControllerTests.swift */,
				E957C1802B986168003C83C7 /* ImagesGalleryViewTests.swift */,
			);
			path = ImagesGalleryView;
			sourceTree = "<group>";
		};
		E957C1832B986487003C83C7 /* Mocks */ = {
			isa = PBXGroup;
			children = (
				E957C1842B9864A8003C83C7 /* MockImagesGalleryPresenter.swift */,
				E957C1862B986563003C83C7 /* MockImagesGalleryWebService.swift */,
				E957C1882B9865BE003C83C7 /* MockCoreDataService.swift */,
				E957C18A2B98662A003C83C7 /* MockImagesGalleryViewDelegate.swift */,
			);
			path = Mocks;
			sourceTree = "<group>";
		};
		E9FA90D52B95F28900A90B76 /* ImagesGalleryView */ = {
			isa = PBXGroup;
			children = (
				E922154E2B931F2E00686E41 /* ImagesGalleryViewController.swift */,
				E92215652B935BE100686E41 /* ImagesGalleryView.swift */,
				E92215522B932F0B00686E41 /* ImagesGalleryCell.swift */,
			);
			path = ImagesGalleryView;
			sourceTree = "<group>";
		};
		E9FA90D62B95F29B00A90B76 /* ImagesDetailView */ = {
			isa = PBXGroup;
			children = (
				E95847AD2B952B75007617C9 /* ImagesDetailViewController.swift */,
				E9FA90D12B95B14000A90B76 /* ImagesDetailView.swift */,
				E9FA90D72B95F9FB00A90B76 /* ImagesDetailCell.swift */,
			);
			path = ImagesDetailView;
			sourceTree = "<group>";
		};
/* End PBXGroup section */

/* Begin PBXNativeTarget section */
		E94674DD2B927F1F00D2DB92 /* GalleryApp */ = {
			isa = PBXNativeTarget;
			buildConfigurationList = E94675082B927F2100D2DB92 /* Build configuration list for PBXNativeTarget "GalleryApp" */;
			buildPhases = (
				E94674DA2B927F1F00D2DB92 /* Sources */,
				E94674DB2B927F1F00D2DB92 /* Frameworks */,
				E94674DC2B927F1F00D2DB92 /* Resources */,
				E94675132B92816300D2DB92 /* Run Script */,
			);
			buildRules = (
			);
			dependencies = (
			);
			name = GalleryApp;
			productName = GalleryApp;
			productReference = E94674DE2B927F1F00D2DB92 /* GalleryApp.app */;
			productType = "com.apple.product-type.application";
		};
		E94674F32B927F2100D2DB92 /* GalleryAppTests */ = {
			isa = PBXNativeTarget;
			buildConfigurationList = E946750B2B927F2100D2DB92 /* Build configuration list for PBXNativeTarget "GalleryAppTests" */;
			buildPhases = (
				E94674F02B927F2100D2DB92 /* Sources */,
				E94674F12B927F2100D2DB92 /* Frameworks */,
				E94674F22B927F2100D2DB92 /* Resources */,
			);
			buildRules = (
			);
			dependencies = (
				E94674F62B927F2100D2DB92 /* PBXTargetDependency */,
			);
			name = GalleryAppTests;
			productName = GalleryAppTests;
			productReference = E94674F42B927F2100D2DB92 /* GalleryAppTests.xctest */;
			productType = "com.apple.product-type.bundle.unit-test";
		};
/* End PBXNativeTarget section */

/* Begin PBXProject section */
		E94674D62B927F1F00D2DB92 /* Project object */ = {
			isa = PBXProject;
			attributes = {
				BuildIndependentTargetsInParallel = 1;
				LastSwiftUpdateCheck = 1520;
				LastUpgradeCheck = 1520;
				TargetAttributes = {
					E94674DD2B927F1F00D2DB92 = {
						CreatedOnToolsVersion = 15.2;
					};
					E94674F32B927F2100D2DB92 = {
						CreatedOnToolsVersion = 15.2;
						TestTargetID = E94674DD2B927F1F00D2DB92;
					};
				};
			};
			buildConfigurationList = E94674D92B927F1F00D2DB92 /* Build configuration list for PBXProject "GalleryApp" */;
			compatibilityVersion = "Xcode 14.0";
			developmentRegion = en;
			hasScannedForEncodings = 0;
			knownRegions = (
				en,
				Base,
			);
			mainGroup = E94674D52B927F1F00D2DB92;
			productRefGroup = E94674DF2B927F1F00D2DB92 /* Products */;
			projectDirPath = "";
			projectRoot = "";
			targets = (
				E94674DD2B927F1F00D2DB92 /* GalleryApp */,
				E94674F32B927F2100D2DB92 /* GalleryAppTests */,
			);
		};
/* End PBXProject section */

/* Begin PBXResourcesBuildPhase section */
		E94674DC2B927F1F00D2DB92 /* Resources */ = {
			isa = PBXResourcesBuildPhase;
			buildActionMask = 2147483647;
			files = (
				E94675152B92822E00D2DB92 /* .swiftlint.yml in Resources */,
				E94674EE2B927F2000D2DB92 /* LaunchScreen.storyboard in Resources */,
				E94674EB2B927F2000D2DB92 /* Assets.xcassets in Resources */,
				E94675122B92803800D2DB92 /* README.md in Resources */,
			);
			runOnlyForDeploymentPostprocessing = 0;
		};
		E94674F22B927F2100D2DB92 /* Resources */ = {
			isa = PBXResourcesBuildPhase;
			buildActionMask = 2147483647;
			files = (
			);
			runOnlyForDeploymentPostprocessing = 0;
		};
/* End PBXResourcesBuildPhase section */

/* Begin PBXShellScriptBuildPhase section */
		E94675132B92816300D2DB92 /* Run Script */ = {
			isa = PBXShellScriptBuildPhase;
			alwaysOutOfDate = 1;
			buildActionMask = 2147483647;
			files = (
			);
			inputFileListPaths = (
			);
			inputPaths = (
			);
			name = "Run Script";
			outputFileListPaths = (
			);
			outputPaths = (
			);
			runOnlyForDeploymentPostprocessing = 0;
			shellPath = /bin/sh;
			shellScript = "if which swiftlint >/dev/null; then\n  swiftlint\nelse\n  echo \"warning: SwiftLint not installed, download from https://github.com/realm/SwiftLint\"\nfi\n";
		};
/* End PBXShellScriptBuildPhase section */

/* Begin PBXSourcesBuildPhase section */
		E94674DA2B927F1F00D2DB92 /* Sources */ = {
			isa = PBXSourcesBuildPhase;
			buildActionMask = 2147483647;
			files = (
				E94674E22B927F1F00D2DB92 /* AppDelegate.swift in Sources */,
				E92215642B93536000686E41 /* ViewSetupProtocol.swift in Sources */,
				E92215622B9345AA00686E41 /* ImagesGalleryWebService.swift in Sources */,
				E91EC7AE2B97B929005644C3 /* GalleryDataEntity+CoreDataClass.swift in Sources */,
				E91EC7AF2B97B929005644C3 /* GalleryDataEntity+CoreDataProperties.swift in Sources */,
				E922155D2B93417900686E41 /* ImagesGalleryPresenterProtocol.swift in Sources */,
				E92215552B933D8600686E41 /* ResponseImageItem.swift in Sources */,
				E922155F2B93421100686E41 /* ImagesGalleryViewProtocol.swift in Sources */,
				E92215572B933E2D00686E41 /* ImagesGalleryWebServiceProtocol.swift in Sources */,
				E9FA90D82B95F9FB00A90B76 /* ImagesDetailCell.swift in Sources */,
				E9FA90DA2B96014500A90B76 /* String+Extension.swift in Sources */,
				E91EC7AB2B97B882005644C3 /* GalleryDataModel.xcdatamodeld in Sources */,
				E922154F2B931F2E00686E41 /* ImagesGalleryViewController.swift in Sources */,
				E92215692B93828300686E41 /* UIView+Extension.swift in Sources */,
				E94674E42B927F1F00D2DB92 /* SceneDelegate.swift in Sources */,
				E95847AC2B95039D007617C9 /* UIColleectionView+Extension.swift in Sources */,
				E9FA90D22B95B14000A90B76 /* ImagesDetailView.swift in Sources */,
				E91EC77B2B970CC9005644C3 /* ImagesDetailViewControllerDelegate.swift in Sources */,
				E92215532B932F0B00686E41 /* ImagesGalleryCell.swift in Sources */,
				E92215662B935BE100686E41 /* ImagesGalleryView.swift in Sources */,
				E92215592B933F0A00686E41 /* FetchError.swift in Sources */,
				E91EC7B12B97BA42005644C3 /* ImagesGalleryCoreDataService.swift in Sources */,
				E95847AE2B952B75007617C9 /* ImagesDetailViewController.swift in Sources */,
				E922156D2B939C3500686E41 /* Constants.swift in Sources */,
				E922155B2B93413600686E41 /* ImagesGalleryPresenter.swift in Sources */,
				E919CD8E2B963C990055C845 /* GalleryElement.swift in Sources */,
				E91EC7B32B97BA5B005644C3 /* ImagesGalleryDataBaseProtocol.swift in Sources */,
				E91EC7B52B97BC00005644C3 /* CoreDataServiceError.swift in Sources */,
			);
			runOnlyForDeploymentPostprocessing = 0;
		};
		E94674F02B927F2100D2DB92 /* Sources */ = {
			isa = PBXSourcesBuildPhase;
			buildActionMask = 2147483647;
			files = (
				E957C17F2B985813003C83C7 /* ImagesGalleryViewControllerTests.swift in Sources */,
				E957C1892B9865BE003C83C7 /* MockCoreDataService.swift in Sources */,
				E957C18B2B98662A003C83C7 /* MockImagesGalleryViewDelegate.swift in Sources */,
				E957C1872B986563003C83C7 /* MockImagesGalleryWebService.swift in Sources */,
				E957C1852B9864A8003C83C7 /* MockImagesGalleryPresenter.swift in Sources */,
				E957C1812B986168003C83C7 /* ImagesGalleryViewTests.swift in Sources */,
			);
			runOnlyForDeploymentPostprocessing = 0;
		};
/* End PBXSourcesBuildPhase section */

/* Begin PBXTargetDependency section */
		E94674F62B927F2100D2DB92 /* PBXTargetDependency */ = {
			isa = PBXTargetDependency;
			target = E94674DD2B927F1F00D2DB92 /* GalleryApp */;
			targetProxy = E94674F52B927F2100D2DB92 /* PBXContainerItemProxy */;
		};
/* End PBXTargetDependency section */

/* Begin PBXVariantGroup section */
		E94674EC2B927F2000D2DB92 /* LaunchScreen.storyboard */ = {
			isa = PBXVariantGroup;
			children = (
				E94674ED2B927F2000D2DB92 /* Base */,
			);
			name = LaunchScreen.storyboard;
			sourceTree = "<group>";
		};
/* End PBXVariantGroup section */

/* Begin XCBuildConfiguration section */
		E94675062B927F2100D2DB92 /* Debug */ = {
			isa = XCBuildConfiguration;
			buildSettings = {
				ALWAYS_SEARCH_USER_PATHS = NO;
				ASSETCATALOG_COMPILER_GENERATE_SWIFT_ASSET_SYMBOL_EXTENSIONS = YES;
				CLANG_ANALYZER_NONNULL = YES;
				CLANG_ANALYZER_NUMBER_OBJECT_CONVERSION = YES_AGGRESSIVE;
				CLANG_CXX_LANGUAGE_STANDARD = "gnu++20";
				CLANG_ENABLE_MODULES = YES;
				CLANG_ENABLE_OBJC_ARC = YES;
				CLANG_ENABLE_OBJC_WEAK = YES;
				CLANG_WARN_BLOCK_CAPTURE_AUTORELEASING = YES;
				CLANG_WARN_BOOL_CONVERSION = YES;
				CLANG_WARN_COMMA = YES;
				CLANG_WARN_CONSTANT_CONVERSION = YES;
				CLANG_WARN_DEPRECATED_OBJC_IMPLEMENTATIONS = YES;
				CLANG_WARN_DIRECT_OBJC_ISA_USAGE = YES_ERROR;
				CLANG_WARN_DOCUMENTATION_COMMENTS = YES;
				CLANG_WARN_EMPTY_BODY = YES;
				CLANG_WARN_ENUM_CONVERSION = YES;
				CLANG_WARN_INFINITE_RECURSION = YES;
				CLANG_WARN_INT_CONVERSION = YES;
				CLANG_WARN_NON_LITERAL_NULL_CONVERSION = YES;
				CLANG_WARN_OBJC_IMPLICIT_RETAIN_SELF = YES;
				CLANG_WARN_OBJC_LITERAL_CONVERSION = YES;
				CLANG_WARN_OBJC_ROOT_CLASS = YES_ERROR;
				CLANG_WARN_QUOTED_INCLUDE_IN_FRAMEWORK_HEADER = YES;
				CLANG_WARN_RANGE_LOOP_ANALYSIS = YES;
				CLANG_WARN_STRICT_PROTOTYPES = YES;
				CLANG_WARN_SUSPICIOUS_MOVE = YES;
				CLANG_WARN_UNGUARDED_AVAILABILITY = YES_AGGRESSIVE;
				CLANG_WARN_UNREACHABLE_CODE = YES;
				CLANG_WARN__DUPLICATE_METHOD_MATCH = YES;
				COPY_PHASE_STRIP = NO;
				DEBUG_INFORMATION_FORMAT = dwarf;
				ENABLE_STRICT_OBJC_MSGSEND = YES;
				ENABLE_TESTABILITY = YES;
				ENABLE_USER_SCRIPT_SANDBOXING = YES;
				GCC_C_LANGUAGE_STANDARD = gnu17;
				GCC_DYNAMIC_NO_PIC = NO;
				GCC_NO_COMMON_BLOCKS = YES;
				GCC_OPTIMIZATION_LEVEL = 0;
				GCC_PREPROCESSOR_DEFINITIONS = (
					"DEBUG=1",
					"$(inherited)",
				);
				GCC_WARN_64_TO_32_BIT_CONVERSION = YES;
				GCC_WARN_ABOUT_RETURN_TYPE = YES_ERROR;
				GCC_WARN_UNDECLARED_SELECTOR = YES;
				GCC_WARN_UNINITIALIZED_AUTOS = YES_AGGRESSIVE;
				GCC_WARN_UNUSED_FUNCTION = YES;
				GCC_WARN_UNUSED_VARIABLE = YES;
				IPHONEOS_DEPLOYMENT_TARGET = 17.2;
				LOCALIZATION_PREFERS_STRING_CATALOGS = YES;
				MTL_ENABLE_DEBUG_INFO = INCLUDE_SOURCE;
				MTL_FAST_MATH = YES;
				ONLY_ACTIVE_ARCH = YES;
				SDKROOT = iphoneos;
				SWIFT_ACTIVE_COMPILATION_CONDITIONS = "DEBUG $(inherited)";
				SWIFT_OPTIMIZATION_LEVEL = "-Onone";
			};
			name = Debug;
		};
		E94675072B927F2100D2DB92 /* Release */ = {
			isa = XCBuildConfiguration;
			buildSettings = {
				ALWAYS_SEARCH_USER_PATHS = NO;
				ASSETCATALOG_COMPILER_GENERATE_SWIFT_ASSET_SYMBOL_EXTENSIONS = YES;
				CLANG_ANALYZER_NONNULL = YES;
				CLANG_ANALYZER_NUMBER_OBJECT_CONVERSION = YES_AGGRESSIVE;
				CLANG_CXX_LANGUAGE_STANDARD = "gnu++20";
				CLANG_ENABLE_MODULES = YES;
				CLANG_ENABLE_OBJC_ARC = YES;
				CLANG_ENABLE_OBJC_WEAK = YES;
				CLANG_WARN_BLOCK_CAPTURE_AUTORELEASING = YES;
				CLANG_WARN_BOOL_CONVERSION = YES;
				CLANG_WARN_COMMA = YES;
				CLANG_WARN_CONSTANT_CONVERSION = YES;
				CLANG_WARN_DEPRECATED_OBJC_IMPLEMENTATIONS = YES;
				CLANG_WARN_DIRECT_OBJC_ISA_USAGE = YES_ERROR;
				CLANG_WARN_DOCUMENTATION_COMMENTS = YES;
				CLANG_WARN_EMPTY_BODY = YES;
				CLANG_WARN_ENUM_CONVERSION = YES;
				CLANG_WARN_INFINITE_RECURSION = YES;
				CLANG_WARN_INT_CONVERSION = YES;
				CLANG_WARN_NON_LITERAL_NULL_CONVERSION = YES;
				CLANG_WARN_OBJC_IMPLICIT_RETAIN_SELF = YES;
				CLANG_WARN_OBJC_LITERAL_CONVERSION = YES;
				CLANG_WARN_OBJC_ROOT_CLASS = YES_ERROR;
				CLANG_WARN_QUOTED_INCLUDE_IN_FRAMEWORK_HEADER = YES;
				CLANG_WARN_RANGE_LOOP_ANALYSIS = YES;
				CLANG_WARN_STRICT_PROTOTYPES = YES;
				CLANG_WARN_SUSPICIOUS_MOVE = YES;
				CLANG_WARN_UNGUARDED_AVAILABILITY = YES_AGGRESSIVE;
				CLANG_WARN_UNREACHABLE_CODE = YES;
				CLANG_WARN__DUPLICATE_METHOD_MATCH = YES;
				COPY_PHASE_STRIP = NO;
				DEBUG_INFORMATION_FORMAT = "dwarf-with-dsym";
				ENABLE_NS_ASSERTIONS = NO;
				ENABLE_STRICT_OBJC_MSGSEND = YES;
				ENABLE_USER_SCRIPT_SANDBOXING = YES;
				GCC_C_LANGUAGE_STANDARD = gnu17;
				GCC_NO_COMMON_BLOCKS = YES;
				GCC_WARN_64_TO_32_BIT_CONVERSION = YES;
				GCC_WARN_ABOUT_RETURN_TYPE = YES_ERROR;
				GCC_WARN_UNDECLARED_SELECTOR = YES;
				GCC_WARN_UNINITIALIZED_AUTOS = YES_AGGRESSIVE;
				GCC_WARN_UNUSED_FUNCTION = YES;
				GCC_WARN_UNUSED_VARIABLE = YES;
				IPHONEOS_DEPLOYMENT_TARGET = 17.2;
				LOCALIZATION_PREFERS_STRING_CATALOGS = YES;
				MTL_ENABLE_DEBUG_INFO = NO;
				MTL_FAST_MATH = YES;
				SDKROOT = iphoneos;
				SWIFT_COMPILATION_MODE = wholemodule;
				VALIDATE_PRODUCT = YES;
			};
			name = Release;
		};
		E94675092B927F2100D2DB92 /* Debug */ = {
			isa = XCBuildConfiguration;
			buildSettings = {
				ASSETCATALOG_COMPILER_APPICON_NAME = AppIcon;
				ASSETCATALOG_COMPILER_GLOBAL_ACCENT_COLOR_NAME = AccentColor;
				CODE_SIGN_STYLE = Automatic;
				CURRENT_PROJECT_VERSION = 1;
				DEVELOPMENT_TEAM = 94KK2872Q5;
				ENABLE_USER_SCRIPT_SANDBOXING = NO;
				GENERATE_INFOPLIST_FILE = YES;
				INFOPLIST_FILE = GalleryApp/Resources/Info.plist;
				INFOPLIST_KEY_UIApplicationSupportsIndirectInputEvents = YES;
				INFOPLIST_KEY_UILaunchStoryboardName = LaunchScreen;
				INFOPLIST_KEY_UISupportedInterfaceOrientations_iPad = "UIInterfaceOrientationPortrait UIInterfaceOrientationPortraitUpsideDown UIInterfaceOrientationLandscapeLeft UIInterfaceOrientationLandscapeRight";
				INFOPLIST_KEY_UISupportedInterfaceOrientations_iPhone = "UIInterfaceOrientationPortrait UIInterfaceOrientationLandscapeLeft UIInterfaceOrientationLandscapeRight";
				IPHONEOS_DEPLOYMENT_TARGET = 13.0;
				LD_RUNPATH_SEARCH_PATHS = (
					"$(inherited)",
					"@executable_path/Frameworks",
				);
				MARKETING_VERSION = 1.0;
				PRODUCT_BUNDLE_IDENTIFIER = pavelkernoga.GalleryApp;
				PRODUCT_NAME = "$(TARGET_NAME)";
				SWIFT_EMIT_LOC_STRINGS = YES;
				SWIFT_VERSION = 5.0;
				TARGETED_DEVICE_FAMILY = "1,2";
			};
			name = Debug;
		};
		E946750A2B927F2100D2DB92 /* Release */ = {
			isa = XCBuildConfiguration;
			buildSettings = {
				ASSETCATALOG_COMPILER_APPICON_NAME = AppIcon;
				ASSETCATALOG_COMPILER_GLOBAL_ACCENT_COLOR_NAME = AccentColor;
				CODE_SIGN_STYLE = Automatic;
				CURRENT_PROJECT_VERSION = 1;
				DEVELOPMENT_TEAM = 94KK2872Q5;
				ENABLE_USER_SCRIPT_SANDBOXING = NO;
				GENERATE_INFOPLIST_FILE = YES;
				INFOPLIST_FILE = GalleryApp/Resources/Info.plist;
				INFOPLIST_KEY_UIApplicationSupportsIndirectInputEvents = YES;
				INFOPLIST_KEY_UILaunchStoryboardName = LaunchScreen;
				INFOPLIST_KEY_UISupportedInterfaceOrientations_iPad = "UIInterfaceOrientationPortrait UIInterfaceOrientationPortraitUpsideDown UIInterfaceOrientationLandscapeLeft UIInterfaceOrientationLandscapeRight";
				INFOPLIST_KEY_UISupportedInterfaceOrientations_iPhone = "UIInterfaceOrientationPortrait UIInterfaceOrientationLandscapeLeft UIInterfaceOrientationLandscapeRight";
				IPHONEOS_DEPLOYMENT_TARGET = 13.0;
				LD_RUNPATH_SEARCH_PATHS = (
					"$(inherited)",
					"@executable_path/Frameworks",
				);
				MARKETING_VERSION = 1.0;
				PRODUCT_BUNDLE_IDENTIFIER = pavelkernoga.GalleryApp;
				PRODUCT_NAME = "$(TARGET_NAME)";
				SWIFT_EMIT_LOC_STRINGS = YES;
				SWIFT_VERSION = 5.0;
				TARGETED_DEVICE_FAMILY = "1,2";
			};
			name = Release;
		};
		E946750C2B927F2100D2DB92 /* Debug */ = {
			isa = XCBuildConfiguration;
			buildSettings = {
				ALWAYS_EMBED_SWIFT_STANDARD_LIBRARIES = YES;
				BUNDLE_LOADER = "$(TEST_HOST)";
				CODE_SIGN_STYLE = Automatic;
				CURRENT_PROJECT_VERSION = 1;
				DEVELOPMENT_TEAM = 94KK2872Q5;
				GENERATE_INFOPLIST_FILE = YES;
				IPHONEOS_DEPLOYMENT_TARGET = 17.2;
				MARKETING_VERSION = 1.0;
				PRODUCT_BUNDLE_IDENTIFIER = pavelkernoga.GalleryAppTests;
				PRODUCT_NAME = "$(TARGET_NAME)";
				SWIFT_EMIT_LOC_STRINGS = NO;
				SWIFT_VERSION = 5.0;
				TARGETED_DEVICE_FAMILY = "1,2";
				TEST_HOST = "$(BUILT_PRODUCTS_DIR)/GalleryApp.app/$(BUNDLE_EXECUTABLE_FOLDER_PATH)/GalleryApp";
			};
			name = Debug;
		};
		E946750D2B927F2100D2DB92 /* Release */ = {
			isa = XCBuildConfiguration;
			buildSettings = {
				ALWAYS_EMBED_SWIFT_STANDARD_LIBRARIES = YES;
				BUNDLE_LOADER = "$(TEST_HOST)";
				CODE_SIGN_STYLE = Automatic;
				CURRENT_PROJECT_VERSION = 1;
				DEVELOPMENT_TEAM = 94KK2872Q5;
				GENERATE_INFOPLIST_FILE = YES;
				IPHONEOS_DEPLOYMENT_TARGET = 17.2;
				MARKETING_VERSION = 1.0;
				PRODUCT_BUNDLE_IDENTIFIER = pavelkernoga.GalleryAppTests;
				PRODUCT_NAME = "$(TARGET_NAME)";
				SWIFT_EMIT_LOC_STRINGS = NO;
				SWIFT_VERSION = 5.0;
				TARGETED_DEVICE_FAMILY = "1,2";
				TEST_HOST = "$(BUILT_PRODUCTS_DIR)/GalleryApp.app/$(BUNDLE_EXECUTABLE_FOLDER_PATH)/GalleryApp";
			};
			name = Release;
		};
/* End XCBuildConfiguration section */

/* Begin XCConfigurationList section */
		E94674D92B927F1F00D2DB92 /* Build configuration list for PBXProject "GalleryApp" */ = {
			isa = XCConfigurationList;
			buildConfigurations = (
				E94675062B927F2100D2DB92 /* Debug */,
				E94675072B927F2100D2DB92 /* Release */,
			);
			defaultConfigurationIsVisible = 0;
			defaultConfigurationName = Release;
		};
		E94675082B927F2100D2DB92 /* Build configuration list for PBXNativeTarget "GalleryApp" */ = {
			isa = XCConfigurationList;
			buildConfigurations = (
				E94675092B927F2100D2DB92 /* Debug */,
				E946750A2B927F2100D2DB92 /* Release */,
			);
			defaultConfigurationIsVisible = 0;
			defaultConfigurationName = Release;
		};
		E946750B2B927F2100D2DB92 /* Build configuration list for PBXNativeTarget "GalleryAppTests" */ = {
			isa = XCConfigurationList;
			buildConfigurations = (
				E946750C2B927F2100D2DB92 /* Debug */,
				E946750D2B927F2100D2DB92 /* Release */,
			);
			defaultConfigurationIsVisible = 0;
			defaultConfigurationName = Release;
		};
/* End XCConfigurationList section */

/* Begin XCVersionGroup section */
		E91EC7A92B97B882005644C3 /* GalleryDataModel.xcdatamodeld */ = {
			isa = XCVersionGroup;
			children = (
				E91EC7AA2B97B882005644C3 /* GalleryDataModel.xcdatamodel */,
			);
			currentVersion = E91EC7AA2B97B882005644C3 /* GalleryDataModel.xcdatamodel */;
			path = GalleryDataModel.xcdatamodeld;
			sourceTree = "<group>";
			versionGroupType = wrapper.xcdatamodel;
		};
/* End XCVersionGroup section */
	};
	rootObject = E94674D62B927F1F00D2DB92 /* Project object */;
}
